
Microsoft Visual Studio Solution File, Format Version 12.00
# Visual Studio Version 17
VisualStudioVersion = 17.11.35431.28
MinimumVisualStudioVersion = 10.0.40219.1
Project("{FAE04EC0-301F-11D3-BF4B-00C04F79EFBC}") = "OOP_2sem_lab4", "OOP_2sem_lab4\OOP_2sem_lab4.csproj", "{6E41BEB6-737B-47EF-9A2B-4537CEFEFBF1}"
EndProject
Global
	GlobalSection(SolutionConfigurationPlatforms) = preSolution
		Debug|Any CPU = Debug|Any CPU
		Release|Any CPU = Release|Any CPU
	EndGlobalSection
	GlobalSection(ProjectConfigurationPlatforms) = postSolution
		{6E41BEB6-737B-47EF-9A2B-4537CEFEFBF1}.Debug|Any CPU.ActiveCfg = Debug|Any CPU
		{6E41BEB6-737B-47EF-9A2B-4537CEFEFBF1}.Debug|Any CPU.Build.0 = Debug|Any CPU
		{6E41BEB6-737B-47EF-9A2B-4537CEFEFBF1}.Release|Any CPU.ActiveCfg = Release|Any CPU
		{6E41BEB6-737B-47EF-9A2B-4537CEFEFBF1}.Release|Any CPU.Build.0 = Release|Any CPU
	EndGlobalSection
	GlobalSection(SolutionProperties) = preSolution
		HideSolutionNode = FALSE
	EndGlobalSection
	GlobalSection(ExtensibilityGlobals) = postSolution
		SolutionGuid = {C576BE5C-7E7D-4531-BD74-67B4F6CAF7AF}
	EndGlobalSection
EndGlobal
